// !$*UTF8*$!
{
	archiveVersion = 1;
	classes = {
	};
	objectVersion = 46;
	objects = {

/* Begin PBXBuildFile section */
		4001CD081F711BD000C38E6A /* AdobeCreativeSDKImage.framework in Frameworks */ = {isa = PBXBuildFile; fileRef = 4001CD071F711BD000C38E6A /* AdobeCreativeSDKImage.framework */; };
		4001CD0A1F711BFC00C38E6A /* AdobeCreativeSDKImage.framework in Embed Frameworks */ = {isa = PBXBuildFile; fileRef = 4001CD071F711BD000C38E6A /* AdobeCreativeSDKImage.framework */; settings = {ATTRIBUTES = (CodeSignOnCopy, RemoveHeadersOnCopy, ); }; };
		4001CD0C1F711C0A00C38E6A /* AdobeCreativeSDKCore.framework in Frameworks */ = {isa = PBXBuildFile; fileRef = 4001CD051F711BC000C38E6A /* AdobeCreativeSDKCore.framework */; };
		4001CD0D1F711C0A00C38E6A /* AdobeCreativeSDKCore.framework in Embed Frameworks */ = {isa = PBXBuildFile; fileRef = 4001CD051F711BC000C38E6A /* AdobeCreativeSDKCore.framework */; settings = {ATTRIBUTES = (CodeSignOnCopy, RemoveHeadersOnCopy, ); }; };
		4001CD111F72249800C38E6A /* Const.swift in Sources */ = {isa = PBXBuildFile; fileRef = 4001CD101F72249800C38E6A /* Const.swift */; };
		4001CD131F72286300C38E6A /* PostData.swift in Sources */ = {isa = PBXBuildFile; fileRef = 4001CD121F72286300C38E6A /* PostData.swift */; };
		402C73071F6FC60A00BB4D2F /* GoogleService-Info.plist in Resources */ = {isa = PBXBuildFile; fileRef = 402C73061F6FC60A00BB4D2F /* GoogleService-Info.plist */; };
		408ADD421F722B7E00F7233D /* PostTableViewCell.swift in Sources */ = {isa = PBXBuildFile; fileRef = 408ADD401F722B7E00F7233D /* PostTableViewCell.swift */; };
		408ADD431F722B7E00F7233D /* PostTableViewCell.xib in Resources */ = {isa = PBXBuildFile; fileRef = 408ADD411F722B7E00F7233D /* PostTableViewCell.xib */; };
		40CEA3681F6F67DD00EB3268 /* AppDelegate.swift in Sources */ = {isa = PBXBuildFile; fileRef = 40CEA3671F6F67DD00EB3268 /* AppDelegate.swift */; };
		40CEA36A1F6F67DD00EB3268 /* ViewController.swift in Sources */ = {isa = PBXBuildFile; fileRef = 40CEA3691F6F67DD00EB3268 /* ViewController.swift */; };
		40CEA36D1F6F67DD00EB3268 /* Main.storyboard in Resources */ = {isa = PBXBuildFile; fileRef = 40CEA36B1F6F67DD00EB3268 /* Main.storyboard */; };
		40CEA36F1F6F67DD00EB3268 /* Assets.xcassets in Resources */ = {isa = PBXBuildFile; fileRef = 40CEA36E1F6F67DD00EB3268 /* Assets.xcassets */; };
		40CEA3721F6F67DD00EB3268 /* LaunchScreen.storyboard in Resources */ = {isa = PBXBuildFile; fileRef = 40CEA3701F6F67DD00EB3268 /* LaunchScreen.storyboard */; };
		40CEA37A1F6F692E00EB3268 /* LoginViewController.swift in Sources */ = {isa = PBXBuildFile; fileRef = 40CEA3791F6F692E00EB3268 /* LoginViewController.swift */; };
		40CEA37C1F6F693C00EB3268 /* HomeViewController.swift in Sources */ = {isa = PBXBuildFile; fileRef = 40CEA37B1F6F693C00EB3268 /* HomeViewController.swift */; };
		40CEA37E1F6F694F00EB3268 /* ImageSelectViewController.swift in Sources */ = {isa = PBXBuildFile; fileRef = 40CEA37D1F6F694F00EB3268 /* ImageSelectViewController.swift */; };
		40CEA3801F6F695C00EB3268 /* PostViewController.swift in Sources */ = {isa = PBXBuildFile; fileRef = 40CEA37F1F6F695C00EB3268 /* PostViewController.swift */; };
		40CEA3821F6F696B00EB3268 /* SettingViewController.swift in Sources */ = {isa = PBXBuildFile; fileRef = 40CEA3811F6F696B00EB3268 /* SettingViewController.swift */; };
		DD315502B08D7A6183C43CD7 /* Pods_Instagram.framework in Frameworks */ = {isa = PBXBuildFile; fileRef = 186B6082D2E05B04CEE16395 /* Pods_Instagram.framework */; };
/* End PBXBuildFile section */

/* Begin PBXCopyFilesBuildPhase section */
		4001CD0B1F711BFC00C38E6A /* Embed Frameworks */ = {
			isa = PBXCopyFilesBuildPhase;
			buildActionMask = 2147483647;
			dstPath = "";
			dstSubfolderSpec = 10;
			files = (
				4001CD0A1F711BFC00C38E6A /* AdobeCreativeSDKImage.framework in Embed Frameworks */,
				4001CD0D1F711C0A00C38E6A /* AdobeCreativeSDKCore.framework in Embed Frameworks */,
			);
			name = "Embed Frameworks";
			runOnlyForDeploymentPostprocessing = 0;
		};
/* End PBXCopyFilesBuildPhase section */

/* Begin PBXFileReference section */
		186B6082D2E05B04CEE16395 /* Pods_Instagram.framework */ = {isa = PBXFileReference; explicitFileType = wrapper.framework; includeInIndex = 0; path = Pods_Instagram.framework; sourceTree = BUILT_PRODUCTS_DIR; };
		4001CD051F711BC000C38E6A /* AdobeCreativeSDKCore.framework */ = {isa = PBXFileReference; lastKnownFileType = wrapper.framework; path = AdobeCreativeSDKCore.framework; sourceTree = "<group>"; };
		4001CD071F711BD000C38E6A /* AdobeCreativeSDKImage.framework */ = {isa = PBXFileReference; lastKnownFileType = wrapper.framework; path = AdobeCreativeSDKImage.framework; sourceTree = "<group>"; };
		4001CD0F1F711CD100C38E6A /* Instagram-Bridging-Header.h */ = {isa = PBXFileReference; lastKnownFileType = sourcecode.c.h; path = "Instagram-Bridging-Header.h"; sourceTree = "<group>"; };
		4001CD101F72249800C38E6A /* Const.swift */ = {isa = PBXFileReference; fileEncoding = 4; lastKnownFileType = sourcecode.swift; path = Const.swift; sourceTree = "<group>"; };
		4001CD121F72286300C38E6A /* PostData.swift */ = {isa = PBXFileReference; fileEncoding = 4; lastKnownFileType = sourcecode.swift; path = PostData.swift; sourceTree = "<group>"; };
		402C73061F6FC60A00BB4D2F /* GoogleService-Info.plist */ = {isa = PBXFileReference; fileEncoding = 4; lastKnownFileType = text.plist.xml; name = "GoogleService-Info.plist"; path = "../../../../Downloads/GoogleService-Info.plist"; sourceTree = "<group>"; };
		4058D07379F5568A2E18A474 /* Pods-Instagram.debug.xcconfig */ = {isa = PBXFileReference; includeInIndex = 1; lastKnownFileType = text.xcconfig; name = "Pods-Instagram.debug.xcconfig"; path = "Pods/Target Support Files/Pods-Instagram/Pods-Instagram.debug.xcconfig"; sourceTree = "<group>"; };
		408ADD401F722B7E00F7233D /* PostTableViewCell.swift */ = {isa = PBXFileReference; fileEncoding = 4; lastKnownFileType = sourcecode.swift; path = PostTableViewCell.swift; sourceTree = "<group>"; };
		408ADD411F722B7E00F7233D /* PostTableViewCell.xib */ = {isa = PBXFileReference; fileEncoding = 4; lastKnownFileType = file.xib; path = PostTableViewCell.xib; sourceTree = "<group>"; };
		40CEA3641F6F67DD00EB3268 /* Instagram.app */ = {isa = PBXFileReference; explicitFileType = wrapper.application; includeInIndex = 0; path = Instagram.app; sourceTree = BUILT_PRODUCTS_DIR; };
		40CEA3671F6F67DD00EB3268 /* AppDelegate.swift */ = {isa = PBXFileReference; lastKnownFileType = sourcecode.swift; path = AppDelegate.swift; sourceTree = "<group>"; };
		40CEA3691F6F67DD00EB3268 /* ViewController.swift */ = {isa = PBXFileReference; lastKnownFileType = sourcecode.swift; path = ViewController.swift; sourceTree = "<group>"; };
		40CEA36C1F6F67DD00EB3268 /* Base */ = {isa = PBXFileReference; lastKnownFileType = file.storyboard; name = Base; path = Base.lproj/Main.storyboard; sourceTree = "<group>"; };
		40CEA36E1F6F67DD00EB3268 /* Assets.xcassets */ = {isa = PBXFileReference; lastKnownFileType = folder.assetcatalog; path = Assets.xcassets; sourceTree = "<group>"; };
		40CEA3711F6F67DD00EB3268 /* Base */ = {isa = PBXFileReference; lastKnownFileType = file.storyboard; name = Base; path = Base.lproj/LaunchScreen.storyboard; sourceTree = "<group>"; };
		40CEA3731F6F67DD00EB3268 /* Info.plist */ = {isa = PBXFileReference; lastKnownFileType = text.plist.xml; path = Info.plist; sourceTree = "<group>"; };
		40CEA3791F6F692E00EB3268 /* LoginViewController.swift */ = {isa = PBXFileReference; fileEncoding = 4; lastKnownFileType = sourcecode.swift; path = LoginViewController.swift; sourceTree = "<group>"; };
		40CEA37B1F6F693C00EB3268 /* HomeViewController.swift */ = {isa = PBXFileReference; fileEncoding = 4; lastKnownFileType = sourcecode.swift; path = HomeViewController.swift; sourceTree = "<group>"; };
		40CEA37D1F6F694F00EB3268 /* ImageSelectViewController.swift */ = {isa = PBXFileReference; fileEncoding = 4; lastKnownFileType = sourcecode.swift; path = ImageSelectViewController.swift; sourceTree = "<group>"; };
		40CEA37F1F6F695C00EB3268 /* PostViewController.swift */ = {isa = PBXFileReference; fileEncoding = 4; lastKnownFileType = sourcecode.swift; path = PostViewController.swift; sourceTree = "<group>"; };
		40CEA3811F6F696B00EB3268 /* SettingViewController.swift */ = {isa = PBXFileReference; fileEncoding = 4; lastKnownFileType = sourcecode.swift; path = SettingViewController.swift; sourceTree = "<group>"; };
		CC90934721B24F5A018664B4 /* Pods-Instagram.release.xcconfig */ = {isa = PBXFileReference; includeInIndex = 1; lastKnownFileType = text.xcconfig; name = "Pods-Instagram.release.xcconfig"; path = "Pods/Target Support Files/Pods-Instagram/Pods-Instagram.release.xcconfig"; sourceTree = "<group>"; };
/* End PBXFileReference section */

/* Begin PBXFrameworksBuildPhase section */
		40CEA3611F6F67DD00EB3268 /* Frameworks */ = {
			isa = PBXFrameworksBuildPhase;
			buildActionMask = 2147483647;
			files = (
				DD315502B08D7A6183C43CD7 /* Pods_Instagram.framework in Frameworks */,
				4001CD081F711BD000C38E6A /* AdobeCreativeSDKImage.framework in Frameworks */,
				4001CD0C1F711C0A00C38E6A /* AdobeCreativeSDKCore.framework in Frameworks */,
			);
			runOnlyForDeploymentPostprocessing = 0;
		};
/* End PBXFrameworksBuildPhase section */

/* Begin PBXGroup section */
		40CEA35B1F6F67DD00EB3268 = {
			isa = PBXGroup;
			children = (
				40CEA3661F6F67DD00EB3268 /* Instagram */,
				40CEA3651F6F67DD00EB3268 /* Products */,
				AEF0242B74F13DADFB29D688 /* Pods */,
				CE3EC353C245E6A77BFD17EC /* Frameworks */,
			);
			sourceTree = "<group>";
		};
		40CEA3651F6F67DD00EB3268 /* Products */ = {
			isa = PBXGroup;
			children = (
				40CEA3641F6F67DD00EB3268 /* Instagram.app */,
			);
			name = Products;
			sourceTree = "<group>";
		};
		40CEA3661F6F67DD00EB3268 /* Instagram */ = {
			isa = PBXGroup;
			children = (
				4001CD071F711BD000C38E6A /* AdobeCreativeSDKImage.framework */,
				4001CD051F711BC000C38E6A /* AdobeCreativeSDKCore.framework */,
				40CEA3671F6F67DD00EB3268 /* AppDelegate.swift */,
				40CEA3691F6F67DD00EB3268 /* ViewController.swift */,
				40CEA36B1F6F67DD00EB3268 /* Main.storyboard */,
				4001CD101F72249800C38E6A /* Const.swift */,
				40CEA3791F6F692E00EB3268 /* LoginViewController.swift */,
				40CEA37B1F6F693C00EB3268 /* HomeViewController.swift */,
				40CEA37D1F6F694F00EB3268 /* ImageSelectViewController.swift */,
				408ADD401F722B7E00F7233D /* PostTableViewCell.swift */,
				408ADD411F722B7E00F7233D /* PostTableViewCell.xib */,
				40CEA37F1F6F695C00EB3268 /* PostViewController.swift */,
				4001CD121F72286300C38E6A /* PostData.swift */,
				40CEA3811F6F696B00EB3268 /* SettingViewController.swift */,
				40CEA3701F6F67DD00EB3268 /* LaunchScreen.storyboard */,
				40CEA3731F6F67DD00EB3268 /* Info.plist */,
				402C73061F6FC60A00BB4D2F /* GoogleService-Info.plist */,
				4001CD0F1F711CD100C38E6A /* Instagram-Bridging-Header.h */,
				40CEA36E1F6F67DD00EB3268 /* Assets.xcassets */,
			);
			path = Instagram;
			sourceTree = "<group>";
		};
		AEF0242B74F13DADFB29D688 /* Pods */ = {
			isa = PBXGroup;
			children = (
				4058D07379F5568A2E18A474 /* Pods-Instagram.debug.xcconfig */,
				CC90934721B24F5A018664B4 /* Pods-Instagram.release.xcconfig */,
			);
			name = Pods;
			sourceTree = "<group>";
		};
		CE3EC353C245E6A77BFD17EC /* Frameworks */ = {
			isa = PBXGroup;
			children = (
				186B6082D2E05B04CEE16395 /* Pods_Instagram.framework */,
			);
			name = Frameworks;
			sourceTree = "<group>";
		};
/* End PBXGroup section */

/* Begin PBXNativeTarget section */
		40CEA3631F6F67DD00EB3268 /* Instagram */ = {
			isa = PBXNativeTarget;
			buildConfigurationList = 40CEA3761F6F67DD00EB3268 /* Build configuration list for PBXNativeTarget "Instagram" */;
			buildPhases = (
				0951AF2375965FAFB7699F96 /* [CP] Check Pods Manifest.lock */,
				40CEA3601F6F67DD00EB3268 /* Sources */,
				40CEA3611F6F67DD00EB3268 /* Frameworks */,
				40CEA3621F6F67DD00EB3268 /* Resources */,
				DE4017F98D99649BF1932979 /* [CP] Embed Pods Frameworks */,
				A01EE989B5FD1AF65A2AF52D /* [CP] Copy Pods Resources */,
				4001CD0B1F711BFC00C38E6A /* Embed Frameworks */,
				4001CD0E1F711C6F00C38E6A /* Run Script */,
			);
			buildRules = (
			);
			dependencies = (
			);
			name = Instagram;
			productName = Instagram;
			productReference = 40CEA3641F6F67DD00EB3268 /* Instagram.app */;
			productType = "com.apple.product-type.application";
		};
/* End PBXNativeTarget section */

/* Begin PBXProject section */
		40CEA35C1F6F67DD00EB3268 /* Project object */ = {
			isa = PBXProject;
			attributes = {
				LastSwiftUpdateCheck = 0830;
				LastUpgradeCheck = 0830;
				ORGANIZATIONNAME = shouta.ikegami;
				TargetAttributes = {
					40CEA3631F6F67DD00EB3268 = {
						CreatedOnToolsVersion = 8.3.3;
						ProvisioningStyle = Automatic;
					};
				};
			};
			buildConfigurationList = 40CEA35F1F6F67DD00EB3268 /* Build configuration list for PBXProject "Instagram" */;
			compatibilityVersion = "Xcode 3.2";
			developmentRegion = English;
			hasScannedForEncodings = 0;
			knownRegions = (
				en,
				Base,
			);
			mainGroup = 40CEA35B1F6F67DD00EB3268;
			productRefGroup = 40CEA3651F6F67DD00EB3268 /* Products */;
			projectDirPath = "";
			projectRoot = "";
			targets = (
				40CEA3631F6F67DD00EB3268 /* Instagram */,
			);
		};
/* End PBXProject section */

/* Begin PBXResourcesBuildPhase section */
		40CEA3621F6F67DD00EB3268 /* Resources */ = {
			isa = PBXResourcesBuildPhase;
			buildActionMask = 2147483647;
			files = (
				40CEA3721F6F67DD00EB3268 /* LaunchScreen.storyboard in Resources */,
				408ADD431F722B7E00F7233D /* PostTableViewCell.xib in Resources */,
				402C73071F6FC60A00BB4D2F /* GoogleService-Info.plist in Resources */,
				40CEA36F1F6F67DD00EB3268 /* Assets.xcassets in Resources */,
				40CEA36D1F6F67DD00EB3268 /* Main.storyboard in Resources */,
			);
			runOnlyForDeploymentPostprocessing = 0;
		};
/* End PBXResourcesBuildPhase section */

/* Begin PBXShellScriptBuildPhase section */
		0951AF2375965FAFB7699F96 /* [CP] Check Pods Manifest.lock */ = {
			isa = PBXShellScriptBuildPhase;
			buildActionMask = 2147483647;
			files = (
			);
			inputPaths = (
			);
			name = "[CP] Check Pods Manifest.lock";
			outputPaths = (
			);
			runOnlyForDeploymentPostprocessing = 0;
			shellPath = /bin/sh;
			shellScript = "diff \"${PODS_ROOT}/../Podfile.lock\" \"${PODS_ROOT}/Manifest.lock\" > /dev/null\nif [ $? != 0 ] ; then\n    # print error to STDERR\n    echo \"error: The sandbox is not in sync with the Podfile.lock. Run 'pod install' or update your CocoaPods installation.\" >&2\n    exit 1\nfi\n";
			showEnvVarsInLog = 0;
		};
		4001CD0E1F711C6F00C38E6A /* Run Script */ = {
			isa = PBXShellScriptBuildPhase;
			buildActionMask = 2147483647;
			files = (
			);
			inputPaths = (
			);
			name = "Run Script";
			outputPaths = (
			);
			runOnlyForDeploymentPostprocessing = 0;
			shellPath = /bin/sh;
			shellScript = "bash \"${BUILT_PRODUCTS_DIR}/${FRAMEWORKS_FOLDER_PATH}/AdobeCreativeSDKCore.framework/strip-frameworks.sh\"";
		};
		A01EE989B5FD1AF65A2AF52D /* [CP] Copy Pods Resources */ = {
			isa = PBXShellScriptBuildPhase;
			buildActionMask = 2147483647;
			files = (
			);
			inputPaths = (
			);
			name = "[CP] Copy Pods Resources";
			outputPaths = (
			);
			runOnlyForDeploymentPostprocessing = 0;
			shellPath = /bin/sh;
			shellScript = "\"${SRCROOT}/Pods/Target Support Files/Pods-Instagram/Pods-Instagram-resources.sh\"\n";
			showEnvVarsInLog = 0;
		};
		DE4017F98D99649BF1932979 /* [CP] Embed Pods Frameworks */ = {
			isa = PBXShellScriptBuildPhase;
			buildActionMask = 2147483647;
			files = (
			);
			inputPaths = (
			);
			name = "[CP] Embed Pods Frameworks";
			outputPaths = (
			);
			runOnlyForDeploymentPostprocessing = 0;
			shellPath = /bin/sh;
			shellScript = "\"${SRCROOT}/Pods/Target Support Files/Pods-Instagram/Pods-Instagram-frameworks.sh\"\n";
			showEnvVarsInLog = 0;
		};
/* End PBXShellScriptBuildPhase section */

/* Begin PBXSourcesBuildPhase section */
		40CEA3601F6F67DD00EB3268 /* Sources */ = {
			isa = PBXSourcesBuildPhase;
			buildActionMask = 2147483647;
			files = (
				40CEA3801F6F695C00EB3268 /* PostViewController.swift in Sources */,
				4001CD131F72286300C38E6A /* PostData.swift in Sources */,
				40CEA37A1F6F692E00EB3268 /* LoginViewController.swift in Sources */,
				40CEA36A1F6F67DD00EB3268 /* ViewController.swift in Sources */,
				40CEA3681F6F67DD00EB3268 /* AppDelegate.swift in Sources */,
				40CEA37E1F6F694F00EB3268 /* ImageSelectViewController.swift in Sources */,
				4001CD111F72249800C38E6A /* Const.swift in Sources */,
				408ADD421F722B7E00F7233D /* PostTableViewCell.swift in Sources */,
				40CEA3821F6F696B00EB3268 /* SettingViewController.swift in Sources */,
				40CEA37C1F6F693C00EB3268 /* HomeViewController.swift in Sources */,
			);
			runOnlyForDeploymentPostprocessing = 0;
		};
/* End PBXSourcesBuildPhase section */

/* Begin PBXVariantGroup section */
		40CEA36B1F6F67DD00EB3268 /* Main.storyboard */ = {
			isa = PBXVariantGroup;
			children = (
				40CEA36C1F6F67DD00EB3268 /* Base */,
			);
			name = Main.storyboard;
			sourceTree = "<group>";
		};
		40CEA3701F6F67DD00EB3268 /* LaunchScreen.storyboard */ = {
			isa = PBXVariantGroup;
			children = (
				40CEA3711F6F67DD00EB3268 /* Base */,
			);
			name = LaunchScreen.storyboard;
			sourceTree = "<group>";
		};
/* End PBXVariantGroup section */

/* Begin XCBuildConfiguration section */
		40CEA3741F6F67DD00EB3268 /* Debug */ = {
			isa = XCBuildConfiguration;
			buildSettings = {
				ALWAYS_SEARCH_USER_PATHS = NO;
				CLANG_ANALYZER_NONNULL = YES;
				CLANG_ANALYZER_NUMBER_OBJECT_CONVERSION = YES_AGGRESSIVE;
				CLANG_CXX_LANGUAGE_STANDARD = "gnu++0x";
				CLANG_CXX_LIBRARY = "libc++";
				CLANG_ENABLE_MODULES = YES;
				CLANG_ENABLE_OBJC_ARC = YES;
				CLANG_WARN_BOOL_CONVERSION = YES;
				CLANG_WARN_CONSTANT_CONVERSION = YES;
				CLANG_WARN_DIRECT_OBJC_ISA_USAGE = YES_ERROR;
				CLANG_WARN_DOCUMENTATION_COMMENTS = YES;
				CLANG_WARN_EMPTY_BODY = YES;
				CLANG_WARN_ENUM_CONVERSION = YES;
				CLANG_WARN_INFINITE_RECURSION = YES;
				CLANG_WARN_INT_CONVERSION = YES;
				CLANG_WARN_OBJC_ROOT_CLASS = YES_ERROR;
				CLANG_WARN_SUSPICIOUS_MOVE = YES;
				CLANG_WARN_UNREACHABLE_CODE = YES;
				CLANG_WARN__DUPLICATE_METHOD_MATCH = YES;
				"CODE_SIGN_IDENTITY[sdk=iphoneos*]" = "iPhone Developer";
				COPY_PHASE_STRIP = NO;
				DEBUG_INFORMATION_FORMAT = dwarf;
				ENABLE_STRICT_OBJC_MSGSEND = YES;
				ENABLE_TESTABILITY = YES;
				GCC_C_LANGUAGE_STANDARD = gnu99;
				GCC_DYNAMIC_NO_PIC = NO;
				GCC_NO_COMMON_BLOCKS = YES;
				GCC_OPTIMIZATION_LEVEL = 0;
				GCC_PREPROCESSOR_DEFINITIONS = (
					"DEBUG=1",
					"$(inherited)",
				);
				GCC_WARN_64_TO_32_BIT_CONVERSION = YES;
				GCC_WARN_ABOUT_RETURN_TYPE = YES_ERROR;
				GCC_WARN_UNDECLARED_SELECTOR = YES;
				GCC_WARN_UNINITIALIZED_AUTOS = YES_AGGRESSIVE;
				GCC_WARN_UNUSED_FUNCTION = YES;
				GCC_WARN_UNUSED_VARIABLE = YES;
				IPHONEOS_DEPLOYMENT_TARGET = 10.3;
				MTL_ENABLE_DEBUG_INFO = YES;
				ONLY_ACTIVE_ARCH = YES;
				SDKROOT = iphoneos;
				SWIFT_ACTIVE_COMPILATION_CONDITIONS = DEBUG;
				SWIFT_OPTIMIZATION_LEVEL = "-Onone";
			};
			name = Debug;
		};
		40CEA3751F6F67DD00EB3268 /* Release */ = {
			isa = XCBuildConfiguration;
			buildSettings = {
				ALWAYS_SEARCH_USER_PATHS = NO;
				CLANG_ANALYZER_NONNULL = YES;
				CLANG_ANALYZER_NUMBER_OBJECT_CONVERSION = YES_AGGRESSIVE;
				CLANG_CXX_LANGUAGE_STANDARD = "gnu++0x";
				CLANG_CXX_LIBRARY = "libc++";
				CLANG_ENABLE_MODULES = YES;
				CLANG_ENABLE_OBJC_ARC = YES;
				CLANG_WARN_BOOL_CONVERSION = YES;
				CLANG_WARN_CONSTANT_CONVERSION = YES;
				CLANG_WARN_DIRECT_OBJC_ISA_USAGE = YES_ERROR;
				CLANG_WARN_DOCUMENTATION_COMMENTS = YES;
				CLANG_WARN_EMPTY_BODY = YES;
				CLANG_WARN_ENUM_CONVERSION = YES;
				CLANG_WARN_INFINITE_RECURSION = YES;
				CLANG_WARN_INT_CONVERSION = YES;
				CLANG_WARN_OBJC_ROOT_CLASS = YES_ERROR;
				CLANG_WARN_SUSPICIOUS_MOVE = YES;
				CLANG_WARN_UNREACHABLE_CODE = YES;
				CLANG_WARN__DUPLICATE_METHOD_MATCH = YES;
				"CODE_SIGN_IDENTITY[sdk=iphoneos*]" = "iPhone Developer";
				COPY_PHASE_STRIP = NO;
				DEBUG_INFORMATION_FORMAT = "dwarf-with-dsym";
				ENABLE_NS_ASSERTIONS = NO;
				ENABLE_STRICT_OBJC_MSGSEND = YES;
				GCC_C_LANGUAGE_STANDARD = gnu99;
				GCC_NO_COMMON_BLOCKS = YES;
				GCC_WARN_64_TO_32_BIT_CONVERSION = YES;
				GCC_WARN_ABOUT_RETURN_TYPE = YES_ERROR;
				GCC_WARN_UNDECLARED_SELECTOR = YES;
				GCC_WARN_UNINITIALIZED_AUTOS = YES_AGGRESSIVE;
				GCC_WARN_UNUSED_FUNCTION = YES;
				GCC_WARN_UNUSED_VARIABLE = YES;
				IPHONEOS_DEPLOYMENT_TARGET = 10.3;
				MTL_ENABLE_DEBUG_INFO = NO;
				SDKROOT = iphoneos;
				SWIFT_OPTIMIZATION_LEVEL = "-Owholemodule";
				VALIDATE_PRODUCT = YES;
			};
			name = Release;
		};
		40CEA3771F6F67DD00EB3268 /* Debug */ = {
			isa = XCBuildConfiguration;
			baseConfigurationReference = 4058D07379F5568A2E18A474 /* Pods-Instagram.debug.xcconfig */;
			buildSettings = {
				ASSETCATALOG_COMPILER_APPICON_NAME = AppIcon;
				FRAMEWORK_SEARCH_PATHS = (
					"$(inherited)",
					"$(PROJECT_DIR)/Instagram",
				);
				INFOPLIST_FILE = Instagram/Info.plist;
				LD_RUNPATH_SEARCH_PATHS = "$(inherited) @executable_path/Frameworks";
				PRODUCT_BUNDLE_IDENTIFIER = jp.techacademy.shouta.ikegami.Instagram;
				PRODUCT_NAME = "$(TARGET_NAME)";
				SWIFT_OBJC_BRIDGING_HEADER = "Instagram/Instagram-Bridging-Header.h";
				SWIFT_VERSION = 3.0;
			};
			name = Debug;
		};
		40CEA3781F6F67DD00EB3268 /* Release */ = {
			isa = XCBuildConfiguration;
			baseConfigurationReference = CC90934721B24F5A018664B4 /* Pods-Instagram.release.xcconfig */;
			buildSettings = {
				ASSETCATALOG_COMPILER_APPICON_NAME = AppIcon;
				FRAMEWORK_SEARCH_PATHS = (
					"$(inherited)",
					"$(PROJECT_DIR)/Instagram",
				);
				INFOPLIST_FILE = Instagram/Info.plist;
				LD_RUNPATH_SEARCH_PATHS = "$(inherited) @executable_path/Frameworks";
				PRODUCT_BUNDLE_IDENTIFIER = jp.techacademy.shouta.ikegami.Instagram;
				PRODUCT_NAME = "$(TARGET_NAME)";
				SWIFT_OBJC_BRIDGING_HEADER = "Instagram/Instagram-Bridging-Header.h";
				SWIFT_VERSION = 3.0;
			};
			name = Release;
		};
/* End XCBuildConfiguration section */

/* Begin XCConfigurationList section */
		40CEA35F1F6F67DD00EB3268 /* Build configuration list for PBXProject "Instagram" */ = {
			isa = XCConfigurationList;
			buildConfigurations = (
				40CEA3741F6F67DD00EB3268 /* Debug */,
				40CEA3751F6F67DD00EB3268 /* Release */,
			);
			defaultConfigurationIsVisible = 0;
			defaultConfigurationName = Release;
		};
		40CEA3761F6F67DD00EB3268 /* Build configuration list for PBXNativeTarget "Instagram" */ = {
			isa = XCConfigurationList;
			buildConfigurations = (
				40CEA3771F6F67DD00EB3268 /* Debug */,
				40CEA3781F6F67DD00EB3268 /* Release */,
			);
			defaultConfigurationIsVisible = 0;
			defaultConfigurationName = Release;
		};
/* End XCConfigurationList section */
	};
	rootObject = 40CEA35C1F6F67DD00EB3268 /* Project object */;
}
